
Microsoft Visual Studio Solution File, Format Version 12.00
Project("{2150E333-8FDC-42A3-9474-1A3956D46DE8}") = "src", "src", "{C895EE24-13DF-45C3-AF1D-B6B6EE4A10A9}"
EndProject
Project("{FAE04EC0-301F-11D3-BF4B-00C04F79EFBC}") = "RabbitMQ.Next.Transport", "src\RabbitMQ.Next.Transport\RabbitMQ.Next.Transport.csproj", "{AB00A6F3-C3E0-4E61-B302-F9CF0288819E}"
EndProject
Project("{2150E333-8FDC-42A3-9474-1A3956D46DE8}") = "tests", "tests", "{B0A5F08B-AC73-4D1C-BB59-983C7363E986}"
EndProject
Project("{FAE04EC0-301F-11D3-BF4B-00C04F79EFBC}") = "RabbitMQ.Next.Tests", "tests\RabbitMQ.Next.Tests\RabbitMQ.Next.Tests.csproj", "{117C63F3-9BEE-445A-9B19-AD069BC6B702}"
EndProject
Global
	GlobalSection(SolutionConfigurationPlatforms) = preSolution
		Debug|Any CPU = Debug|Any CPU
		Release|Any CPU = Release|Any CPU
	EndGlobalSection
	GlobalSection(ProjectConfigurationPlatforms) = postSolution
		{AB00A6F3-C3E0-4E61-B302-F9CF0288819E}.Debug|Any CPU.ActiveCfg = Debug|Any CPU
		{AB00A6F3-C3E0-4E61-B302-F9CF0288819E}.Debug|Any CPU.Build.0 = Debug|Any CPU
		{AB00A6F3-C3E0-4E61-B302-F9CF0288819E}.Release|Any CPU.ActiveCfg = Release|Any CPU
		{AB00A6F3-C3E0-4E61-B302-F9CF0288819E}.Release|Any CPU.Build.0 = Release|Any CPU
		{117C63F3-9BEE-445A-9B19-AD069BC6B702}.Debug|Any CPU.ActiveCfg = Debug|Any CPU
		{117C63F3-9BEE-445A-9B19-AD069BC6B702}.Debug|Any CPU.Build.0 = Debug|Any CPU
		{117C63F3-9BEE-445A-9B19-AD069BC6B702}.Release|Any CPU.ActiveCfg = Release|Any CPU
		{117C63F3-9BEE-445A-9B19-AD069BC6B702}.Release|Any CPU.Build.0 = Release|Any CPU
	EndGlobalSection
	GlobalSection(NestedProjects) = preSolution
		{AB00A6F3-C3E0-4E61-B302-F9CF0288819E} = {C895EE24-13DF-45C3-AF1D-B6B6EE4A10A9}
		{117C63F3-9BEE-445A-9B19-AD069BC6B702} = {B0A5F08B-AC73-4D1C-BB59-983C7363E986}
	EndGlobalSection
EndGlobal
