
Microsoft Visual Studio Solution File, Format Version 12.00
Project("{2150E333-8FDC-42A3-9474-1A3956D46DE8}") = "src", "src", "{C895EE24-13DF-45C3-AF1D-B6B6EE4A10A9}"
EndProject
Project("{FAE04EC0-301F-11D3-BF4B-00C04F79EFBC}") = "RabbitMQ.Next", "src\RabbitMQ.Next\RabbitMQ.Next.csproj", "{AB00A6F3-C3E0-4E61-B302-F9CF0288819E}"
EndProject
Project("{2150E333-8FDC-42A3-9474-1A3956D46DE8}") = "tests", "tests", "{B0A5F08B-AC73-4D1C-BB59-983C7363E986}"
EndProject
Project("{FAE04EC0-301F-11D3-BF4B-00C04F79EFBC}") = "RabbitMQ.Next.Tests", "tests\RabbitMQ.Next.Tests\RabbitMQ.Next.Tests.csproj", "{117C63F3-9BEE-445A-9B19-AD069BC6B702}"
EndProject
Project("{FAE04EC0-301F-11D3-BF4B-00C04F79EFBC}") = "RabbitMQ.Next.Abstractions", "src\RabbitMQ.Next.Abstractions\RabbitMQ.Next.Abstractions.csproj", "{3CA6ADD5-C2ED-4EB8-A226-785C30D4CAE5}"
EndProject
Project("{FAE04EC0-301F-11D3-BF4B-00C04F79EFBC}") = "RabbitMQ.Next.TopologyBuilder", "src\RabbitMQ.Next.TopologyBuilder\RabbitMQ.Next.TopologyBuilder.csproj", "{A8D63B8A-39A7-4214-AE69-61EC852464DC}"
EndProject
Project("{FAE04EC0-301F-11D3-BF4B-00C04F79EFBC}") = "RabbitMQ.Next.Publisher.Abstractions", "src\RabbitMQ.Next.Publisher.Abstractions\RabbitMQ.Next.Publisher.Abstractions.csproj", "{C80C0328-165D-444C-A025-D4A910A4C4C0}"
EndProject
Project("{FAE04EC0-301F-11D3-BF4B-00C04F79EFBC}") = "RabbitMQ.Next.Publisher", "src\RabbitMQ.Next.Publisher\RabbitMQ.Next.Publisher.csproj", "{00F4D07C-AA12-498E-9BCA-89EB29688DD0}"
EndProject
Project("{FAE04EC0-301F-11D3-BF4B-00C04F79EFBC}") = "RabbitMQ.Next.Publisher.Attributes", "src\RabbitMQ.Next.Publisher.Attributes\RabbitMQ.Next.Publisher.Attributes.csproj", "{B4B738E2-9E3D-4EB1-8C34-303431D68FEA}"
EndProject
Project("{FAE04EC0-301F-11D3-BF4B-00C04F79EFBC}") = "RabbitMQ.Next.Consumer.Abstractions", "src\RabbitMQ.Next.Consumer.Abstractions\RabbitMQ.Next.Consumer.Abstractions.csproj", "{9CD68F15-ED45-43FB-8EEA-33545FFC7014}"
EndProject
Project("{FAE04EC0-301F-11D3-BF4B-00C04F79EFBC}") = "RabbitMQ.Next.Consumer", "src\RabbitMQ.Next.Consumer\RabbitMQ.Next.Consumer.csproj", "{92D5D7D1-EDDC-46E2-8330-4AA9664C44C4}"
EndProject
Project("{FAE04EC0-301F-11D3-BF4B-00C04F79EFBC}") = "RabbitMQ.Next.Benchmarks", "tests\RabbitMQ.Next.Benchmarks\RabbitMQ.Next.Benchmarks.csproj", "{C1AECBDF-D38D-40E0-B76F-2E3A784F8D95}"
EndProject
Project("{2150E333-8FDC-42A3-9474-1A3956D46DE8}") = "Serializers", "Serializers", "{AD3AF1AA-71EE-4A2C-84DD-5C7DF141C187}"
EndProject
Project("{FAE04EC0-301F-11D3-BF4B-00C04F79EFBC}") = "RabbitMQ.Next.Serialization.PlainText", "src\RabbitMQ.Next.Serialization.PlainText\RabbitMQ.Next.Serialization.PlainText.csproj", "{EBD41BA4-57E2-4CE0-ABA7-75E5FF6DFD0F}"
EndProject
Project("{2150E333-8FDC-42A3-9474-1A3956D46DE8}") = "docs", "docs", "{2D85D85A-2481-409A-9D98-613AF36C7A10}"
EndProject
Project("{2150E333-8FDC-42A3-9474-1A3956D46DE8}") = "examples", "examples", "{750B1D71-E43B-4714-8AA3-AB9B0EC7E931}"
EndProject
Project("{FAE04EC0-301F-11D3-BF4B-00C04F79EFBC}") = "RabbitMQ.Next.Examples.SimplePublisher", "docs\examples\RabbitMQ.Next.Examples.SimplePublisher\RabbitMQ.Next.Examples.SimplePublisher.csproj", "{ECBCB520-1E19-4AC6-9CCD-AF3DE864A5F1}"
EndProject
Project("{FAE04EC0-301F-11D3-BF4B-00C04F79EFBC}") = "RabbitMQ.Next.Examples.SimpleConsumer", "docs\examples\RabbitMQ.Next.Examples.SimpleConsumer\RabbitMQ.Next.Examples.SimpleConsumer.csproj", "{1946230B-BC32-4C27-88E2-8D2938DF2E5A}"
EndProject
Project("{FAE04EC0-301F-11D3-BF4B-00C04F79EFBC}") = "RabbitMQ.Next.Examples.TopologyBuilder", "docs\examples\RabbitMQ.Next.Examples.TopologyBuilder\RabbitMQ.Next.Examples.TopologyBuilder.csproj", "{CA01E04C-3659-4426-A9F6-A4145C63B70A}"
EndProject
Project("{FAE04EC0-301F-11D3-BF4B-00C04F79EFBC}") = "RabbitMQ.Next.Serialization.SystemJson", "src\RabbitMQ.Next.Serialization.SystemJson\RabbitMQ.Next.Serialization.SystemJson.csproj", "{A44E120A-C992-41F0-8484-296AAA95668A}"
EndProject
Project("{FAE04EC0-301F-11D3-BF4B-00C04F79EFBC}") = "RabbitMQ.Next.Serialization.MessagePack", "src\RabbitMQ.Next.Serialization.MessagePack\RabbitMQ.Next.Serialization.MessagePack.csproj", "{973AEE92-6A7E-4C5A-8295-F89B3384F393}"
EndProject
Project("{FAE04EC0-301F-11D3-BF4B-00C04F79EFBC}") = "RabbitMQ.Next.TopologyBuilder.Abstractions", "src\RabbitMQ.Next.TopologyBuilder.Abstractions\RabbitMQ.Next.TopologyBuilder.Abstractions.csproj", "{C34F7844-CF6A-4247-961A-415D17E127EC}"
EndProject
Project("{FAE04EC0-301F-11D3-BF4B-00C04F79EFBC}") = "RabbitMQ.Next.Serialization.NewtonsoftJson", "src\RabbitMQ.Next.Serialization.NewtonsoftJson\RabbitMQ.Next.Serialization.NewtonsoftJson.csproj", "{6D34D919-0630-40EB-9291-CB28DB2BBA25}"
EndProject
Project("{FAE04EC0-301F-11D3-BF4B-00C04F79EFBC}") = "RabbitMQ.Next.Serialization.Dynamic", "src\RabbitMQ.Next.Serialization.Dynamic\RabbitMQ.Next.Serialization.Dynamic.csproj", "{95003EED-4B62-430E-8A4D-1D3B09CAA173}"
EndProject
Project("{FAE04EC0-301F-11D3-BF4B-00C04F79EFBC}") = "RabbitMQ.Next.Examples.DynamicSerializer", "docs\examples\RabbitMQ.Next.Examples.DynamicSerializer\RabbitMQ.Next.Examples.DynamicSerializer.csproj", "{B93A51A9-0A31-4419-B8E8-C304EF18CFAB}"
EndProject
Project("{FAE04EC0-301F-11D3-BF4B-00C04F79EFBC}") = "RabbitMQ.Next.Examples.DemoSaslAuthMechanism", "docs\examples\RabbitMQ.Next.Examples.DemoSaslAuthMechanism\RabbitMQ.Next.Examples.DemoSaslAuthMechanism.csproj", "{C0440748-9787-4891-874A-054F5E64020B}"
EndProject
Project("{FAE04EC0-301F-11D3-BF4B-00C04F79EFBC}") = "RabbitMQ.Next.Examples.PublisherMiddleware", "docs\examples\RabbitMQ.Next.Examples.PublisherMiddleware\RabbitMQ.Next.Examples.PublisherMiddleware.csproj", "{23340CFA-F105-4F7F-B2C5-16693A8626F9}"
EndProject
Global
	GlobalSection(SolutionConfigurationPlatforms) = preSolution
		Debug|Any CPU = Debug|Any CPU
		Release|Any CPU = Release|Any CPU
	EndGlobalSection
	GlobalSection(ProjectConfigurationPlatforms) = postSolution
		{AB00A6F3-C3E0-4E61-B302-F9CF0288819E}.Debug|Any CPU.ActiveCfg = Debug|Any CPU
		{AB00A6F3-C3E0-4E61-B302-F9CF0288819E}.Debug|Any CPU.Build.0 = Debug|Any CPU
		{AB00A6F3-C3E0-4E61-B302-F9CF0288819E}.Release|Any CPU.ActiveCfg = Release|Any CPU
		{AB00A6F3-C3E0-4E61-B302-F9CF0288819E}.Release|Any CPU.Build.0 = Release|Any CPU
		{117C63F3-9BEE-445A-9B19-AD069BC6B702}.Debug|Any CPU.ActiveCfg = Debug|Any CPU
		{117C63F3-9BEE-445A-9B19-AD069BC6B702}.Debug|Any CPU.Build.0 = Debug|Any CPU
		{117C63F3-9BEE-445A-9B19-AD069BC6B702}.Release|Any CPU.ActiveCfg = Release|Any CPU
		{117C63F3-9BEE-445A-9B19-AD069BC6B702}.Release|Any CPU.Build.0 = Release|Any CPU
		{3CA6ADD5-C2ED-4EB8-A226-785C30D4CAE5}.Debug|Any CPU.ActiveCfg = Debug|Any CPU
		{3CA6ADD5-C2ED-4EB8-A226-785C30D4CAE5}.Debug|Any CPU.Build.0 = Debug|Any CPU
		{3CA6ADD5-C2ED-4EB8-A226-785C30D4CAE5}.Release|Any CPU.ActiveCfg = Release|Any CPU
		{3CA6ADD5-C2ED-4EB8-A226-785C30D4CAE5}.Release|Any CPU.Build.0 = Release|Any CPU
		{A8D63B8A-39A7-4214-AE69-61EC852464DC}.Debug|Any CPU.ActiveCfg = Debug|Any CPU
		{A8D63B8A-39A7-4214-AE69-61EC852464DC}.Debug|Any CPU.Build.0 = Debug|Any CPU
		{A8D63B8A-39A7-4214-AE69-61EC852464DC}.Release|Any CPU.ActiveCfg = Release|Any CPU
		{A8D63B8A-39A7-4214-AE69-61EC852464DC}.Release|Any CPU.Build.0 = Release|Any CPU
		{C80C0328-165D-444C-A025-D4A910A4C4C0}.Debug|Any CPU.ActiveCfg = Debug|Any CPU
		{C80C0328-165D-444C-A025-D4A910A4C4C0}.Debug|Any CPU.Build.0 = Debug|Any CPU
		{C80C0328-165D-444C-A025-D4A910A4C4C0}.Release|Any CPU.ActiveCfg = Release|Any CPU
		{C80C0328-165D-444C-A025-D4A910A4C4C0}.Release|Any CPU.Build.0 = Release|Any CPU
		{00F4D07C-AA12-498E-9BCA-89EB29688DD0}.Debug|Any CPU.ActiveCfg = Debug|Any CPU
		{00F4D07C-AA12-498E-9BCA-89EB29688DD0}.Debug|Any CPU.Build.0 = Debug|Any CPU
		{00F4D07C-AA12-498E-9BCA-89EB29688DD0}.Release|Any CPU.ActiveCfg = Release|Any CPU
		{00F4D07C-AA12-498E-9BCA-89EB29688DD0}.Release|Any CPU.Build.0 = Release|Any CPU
		{B4B738E2-9E3D-4EB1-8C34-303431D68FEA}.Debug|Any CPU.ActiveCfg = Debug|Any CPU
		{B4B738E2-9E3D-4EB1-8C34-303431D68FEA}.Debug|Any CPU.Build.0 = Debug|Any CPU
		{B4B738E2-9E3D-4EB1-8C34-303431D68FEA}.Release|Any CPU.ActiveCfg = Release|Any CPU
		{B4B738E2-9E3D-4EB1-8C34-303431D68FEA}.Release|Any CPU.Build.0 = Release|Any CPU
		{9CD68F15-ED45-43FB-8EEA-33545FFC7014}.Debug|Any CPU.ActiveCfg = Debug|Any CPU
		{9CD68F15-ED45-43FB-8EEA-33545FFC7014}.Debug|Any CPU.Build.0 = Debug|Any CPU
		{9CD68F15-ED45-43FB-8EEA-33545FFC7014}.Release|Any CPU.ActiveCfg = Release|Any CPU
		{9CD68F15-ED45-43FB-8EEA-33545FFC7014}.Release|Any CPU.Build.0 = Release|Any CPU
		{92D5D7D1-EDDC-46E2-8330-4AA9664C44C4}.Debug|Any CPU.ActiveCfg = Debug|Any CPU
		{92D5D7D1-EDDC-46E2-8330-4AA9664C44C4}.Debug|Any CPU.Build.0 = Debug|Any CPU
		{92D5D7D1-EDDC-46E2-8330-4AA9664C44C4}.Release|Any CPU.ActiveCfg = Release|Any CPU
		{92D5D7D1-EDDC-46E2-8330-4AA9664C44C4}.Release|Any CPU.Build.0 = Release|Any CPU
		{C1AECBDF-D38D-40E0-B76F-2E3A784F8D95}.Debug|Any CPU.ActiveCfg = Debug|Any CPU
		{C1AECBDF-D38D-40E0-B76F-2E3A784F8D95}.Debug|Any CPU.Build.0 = Debug|Any CPU
		{C1AECBDF-D38D-40E0-B76F-2E3A784F8D95}.Release|Any CPU.ActiveCfg = Release|Any CPU
		{C1AECBDF-D38D-40E0-B76F-2E3A784F8D95}.Release|Any CPU.Build.0 = Release|Any CPU
		{EBD41BA4-57E2-4CE0-ABA7-75E5FF6DFD0F}.Debug|Any CPU.ActiveCfg = Debug|Any CPU
		{EBD41BA4-57E2-4CE0-ABA7-75E5FF6DFD0F}.Debug|Any CPU.Build.0 = Debug|Any CPU
		{EBD41BA4-57E2-4CE0-ABA7-75E5FF6DFD0F}.Release|Any CPU.ActiveCfg = Release|Any CPU
		{EBD41BA4-57E2-4CE0-ABA7-75E5FF6DFD0F}.Release|Any CPU.Build.0 = Release|Any CPU
		{ECBCB520-1E19-4AC6-9CCD-AF3DE864A5F1}.Debug|Any CPU.ActiveCfg = Debug|Any CPU
		{ECBCB520-1E19-4AC6-9CCD-AF3DE864A5F1}.Debug|Any CPU.Build.0 = Debug|Any CPU
		{ECBCB520-1E19-4AC6-9CCD-AF3DE864A5F1}.Release|Any CPU.ActiveCfg = Release|Any CPU
		{ECBCB520-1E19-4AC6-9CCD-AF3DE864A5F1}.Release|Any CPU.Build.0 = Release|Any CPU
		{1946230B-BC32-4C27-88E2-8D2938DF2E5A}.Debug|Any CPU.ActiveCfg = Debug|Any CPU
		{1946230B-BC32-4C27-88E2-8D2938DF2E5A}.Debug|Any CPU.Build.0 = Debug|Any CPU
		{1946230B-BC32-4C27-88E2-8D2938DF2E5A}.Release|Any CPU.ActiveCfg = Release|Any CPU
		{1946230B-BC32-4C27-88E2-8D2938DF2E5A}.Release|Any CPU.Build.0 = Release|Any CPU
		{CA01E04C-3659-4426-A9F6-A4145C63B70A}.Debug|Any CPU.ActiveCfg = Debug|Any CPU
		{CA01E04C-3659-4426-A9F6-A4145C63B70A}.Debug|Any CPU.Build.0 = Debug|Any CPU
		{CA01E04C-3659-4426-A9F6-A4145C63B70A}.Release|Any CPU.ActiveCfg = Release|Any CPU
		{CA01E04C-3659-4426-A9F6-A4145C63B70A}.Release|Any CPU.Build.0 = Release|Any CPU
		{A44E120A-C992-41F0-8484-296AAA95668A}.Debug|Any CPU.ActiveCfg = Debug|Any CPU
		{A44E120A-C992-41F0-8484-296AAA95668A}.Debug|Any CPU.Build.0 = Debug|Any CPU
		{A44E120A-C992-41F0-8484-296AAA95668A}.Release|Any CPU.ActiveCfg = Release|Any CPU
		{A44E120A-C992-41F0-8484-296AAA95668A}.Release|Any CPU.Build.0 = Release|Any CPU
		{973AEE92-6A7E-4C5A-8295-F89B3384F393}.Debug|Any CPU.ActiveCfg = Debug|Any CPU
		{973AEE92-6A7E-4C5A-8295-F89B3384F393}.Debug|Any CPU.Build.0 = Debug|Any CPU
		{973AEE92-6A7E-4C5A-8295-F89B3384F393}.Release|Any CPU.ActiveCfg = Release|Any CPU
		{973AEE92-6A7E-4C5A-8295-F89B3384F393}.Release|Any CPU.Build.0 = Release|Any CPU
		{C34F7844-CF6A-4247-961A-415D17E127EC}.Debug|Any CPU.ActiveCfg = Debug|Any CPU
		{C34F7844-CF6A-4247-961A-415D17E127EC}.Debug|Any CPU.Build.0 = Debug|Any CPU
		{C34F7844-CF6A-4247-961A-415D17E127EC}.Release|Any CPU.ActiveCfg = Release|Any CPU
		{C34F7844-CF6A-4247-961A-415D17E127EC}.Release|Any CPU.Build.0 = Release|Any CPU
		{6D34D919-0630-40EB-9291-CB28DB2BBA25}.Debug|Any CPU.ActiveCfg = Debug|Any CPU
		{6D34D919-0630-40EB-9291-CB28DB2BBA25}.Debug|Any CPU.Build.0 = Debug|Any CPU
		{6D34D919-0630-40EB-9291-CB28DB2BBA25}.Release|Any CPU.ActiveCfg = Release|Any CPU
		{6D34D919-0630-40EB-9291-CB28DB2BBA25}.Release|Any CPU.Build.0 = Release|Any CPU
		{95003EED-4B62-430E-8A4D-1D3B09CAA173}.Debug|Any CPU.ActiveCfg = Debug|Any CPU
		{95003EED-4B62-430E-8A4D-1D3B09CAA173}.Debug|Any CPU.Build.0 = Debug|Any CPU
		{95003EED-4B62-430E-8A4D-1D3B09CAA173}.Release|Any CPU.ActiveCfg = Release|Any CPU
		{95003EED-4B62-430E-8A4D-1D3B09CAA173}.Release|Any CPU.Build.0 = Release|Any CPU
		{B93A51A9-0A31-4419-B8E8-C304EF18CFAB}.Debug|Any CPU.ActiveCfg = Debug|Any CPU
		{B93A51A9-0A31-4419-B8E8-C304EF18CFAB}.Debug|Any CPU.Build.0 = Debug|Any CPU
		{B93A51A9-0A31-4419-B8E8-C304EF18CFAB}.Release|Any CPU.ActiveCfg = Release|Any CPU
		{B93A51A9-0A31-4419-B8E8-C304EF18CFAB}.Release|Any CPU.Build.0 = Release|Any CPU
		{C0440748-9787-4891-874A-054F5E64020B}.Debug|Any CPU.ActiveCfg = Debug|Any CPU
		{C0440748-9787-4891-874A-054F5E64020B}.Debug|Any CPU.Build.0 = Debug|Any CPU
		{C0440748-9787-4891-874A-054F5E64020B}.Release|Any CPU.ActiveCfg = Release|Any CPU
		{C0440748-9787-4891-874A-054F5E64020B}.Release|Any CPU.Build.0 = Release|Any CPU
		{23340CFA-F105-4F7F-B2C5-16693A8626F9}.Debug|Any CPU.ActiveCfg = Debug|Any CPU
		{23340CFA-F105-4F7F-B2C5-16693A8626F9}.Debug|Any CPU.Build.0 = Debug|Any CPU
		{23340CFA-F105-4F7F-B2C5-16693A8626F9}.Release|Any CPU.ActiveCfg = Release|Any CPU
		{23340CFA-F105-4F7F-B2C5-16693A8626F9}.Release|Any CPU.Build.0 = Release|Any CPU
	EndGlobalSection
	GlobalSection(NestedProjects) = preSolution
		{AB00A6F3-C3E0-4E61-B302-F9CF0288819E} = {C895EE24-13DF-45C3-AF1D-B6B6EE4A10A9}
		{117C63F3-9BEE-445A-9B19-AD069BC6B702} = {B0A5F08B-AC73-4D1C-BB59-983C7363E986}
		{3CA6ADD5-C2ED-4EB8-A226-785C30D4CAE5} = {C895EE24-13DF-45C3-AF1D-B6B6EE4A10A9}
		{A8D63B8A-39A7-4214-AE69-61EC852464DC} = {C895EE24-13DF-45C3-AF1D-B6B6EE4A10A9}
		{C80C0328-165D-444C-A025-D4A910A4C4C0} = {C895EE24-13DF-45C3-AF1D-B6B6EE4A10A9}
		{00F4D07C-AA12-498E-9BCA-89EB29688DD0} = {C895EE24-13DF-45C3-AF1D-B6B6EE4A10A9}
		{B4B738E2-9E3D-4EB1-8C34-303431D68FEA} = {C895EE24-13DF-45C3-AF1D-B6B6EE4A10A9}
		{9CD68F15-ED45-43FB-8EEA-33545FFC7014} = {C895EE24-13DF-45C3-AF1D-B6B6EE4A10A9}
		{92D5D7D1-EDDC-46E2-8330-4AA9664C44C4} = {C895EE24-13DF-45C3-AF1D-B6B6EE4A10A9}
		{C1AECBDF-D38D-40E0-B76F-2E3A784F8D95} = {B0A5F08B-AC73-4D1C-BB59-983C7363E986}
		{AD3AF1AA-71EE-4A2C-84DD-5C7DF141C187} = {C895EE24-13DF-45C3-AF1D-B6B6EE4A10A9}
		{EBD41BA4-57E2-4CE0-ABA7-75E5FF6DFD0F} = {AD3AF1AA-71EE-4A2C-84DD-5C7DF141C187}
		{750B1D71-E43B-4714-8AA3-AB9B0EC7E931} = {2D85D85A-2481-409A-9D98-613AF36C7A10}
		{ECBCB520-1E19-4AC6-9CCD-AF3DE864A5F1} = {750B1D71-E43B-4714-8AA3-AB9B0EC7E931}
		{1946230B-BC32-4C27-88E2-8D2938DF2E5A} = {750B1D71-E43B-4714-8AA3-AB9B0EC7E931}
		{CA01E04C-3659-4426-A9F6-A4145C63B70A} = {750B1D71-E43B-4714-8AA3-AB9B0EC7E931}
		{A44E120A-C992-41F0-8484-296AAA95668A} = {AD3AF1AA-71EE-4A2C-84DD-5C7DF141C187}
		{973AEE92-6A7E-4C5A-8295-F89B3384F393} = {AD3AF1AA-71EE-4A2C-84DD-5C7DF141C187}
		{C34F7844-CF6A-4247-961A-415D17E127EC} = {C895EE24-13DF-45C3-AF1D-B6B6EE4A10A9}
		{6D34D919-0630-40EB-9291-CB28DB2BBA25} = {AD3AF1AA-71EE-4A2C-84DD-5C7DF141C187}
		{95003EED-4B62-430E-8A4D-1D3B09CAA173} = {AD3AF1AA-71EE-4A2C-84DD-5C7DF141C187}
		{B93A51A9-0A31-4419-B8E8-C304EF18CFAB} = {750B1D71-E43B-4714-8AA3-AB9B0EC7E931}
		{C0440748-9787-4891-874A-054F5E64020B} = {750B1D71-E43B-4714-8AA3-AB9B0EC7E931}
		{23340CFA-F105-4F7F-B2C5-16693A8626F9} = {750B1D71-E43B-4714-8AA3-AB9B0EC7E931}
	EndGlobalSection
EndGlobal
