
Microsoft Visual Studio Solution File, Format Version 12.00
Project("{2150E333-8FDC-42A3-9474-1A3956D46DE8}") = "src", "src", "{C895EE24-13DF-45C3-AF1D-B6B6EE4A10A9}"
EndProject
Project("{FAE04EC0-301F-11D3-BF4B-00C04F79EFBC}") = "RabbitMQ.Next.Transport", "src\RabbitMQ.Next.Transport\RabbitMQ.Next.Transport.csproj", "{AB00A6F3-C3E0-4E61-B302-F9CF0288819E}"
EndProject
Project("{2150E333-8FDC-42A3-9474-1A3956D46DE8}") = "tests", "tests", "{B0A5F08B-AC73-4D1C-BB59-983C7363E986}"
EndProject
Project("{FAE04EC0-301F-11D3-BF4B-00C04F79EFBC}") = "RabbitMQ.Next.Tests", "tests\RabbitMQ.Next.Tests\RabbitMQ.Next.Tests.csproj", "{117C63F3-9BEE-445A-9B19-AD069BC6B702}"
EndProject
Project("{FAE04EC0-301F-11D3-BF4B-00C04F79EFBC}") = "RabbitMQ.Next.Abstractions", "src\RabbitMQ.Next.Abstractions\RabbitMQ.Next.Abstractions.csproj", "{3CA6ADD5-C2ED-4EB8-A226-785C30D4CAE5}"
EndProject
Project("{FAE04EC0-301F-11D3-BF4B-00C04F79EFBC}") = "RabbitMQ.Next.TopologyBuilder", "src\RabbitMQ.Next.TopologyBuilder\RabbitMQ.Next.TopologyBuilder.csproj", "{A8D63B8A-39A7-4214-AE69-61EC852464DC}"
EndProject
Project("{FAE04EC0-301F-11D3-BF4B-00C04F79EFBC}") = "RabbitMQ.Next.TopologyBuilder.Abstractions", "src\RabbitMQ.Next.TopologyBuilder.Abstractions\RabbitMQ.Next.TopologyBuilder.Abstractions.csproj", "{16D8563D-A086-4C8C-8315-FC129A198C12}"
EndProject
Project("{FAE04EC0-301F-11D3-BF4B-00C04F79EFBC}") = "RabbitMQ.Next.Publisher.Abstractions", "src\RabbitMQ.Next.Publisher.Abstractions\RabbitMQ.Next.Publisher.Abstractions.csproj", "{C80C0328-165D-444C-A025-D4A910A4C4C0}"
EndProject
Project("{FAE04EC0-301F-11D3-BF4B-00C04F79EFBC}") = "RabbitMQ.Next.Serialization", "src\RabbitMQ.Next.Serialization\RabbitMQ.Next.Serialization.csproj", "{298266D6-B977-4431-8CF2-2E16D37B1454}"
EndProject
Project("{FAE04EC0-301F-11D3-BF4B-00C04F79EFBC}") = "RabbitMQ.Next.Publisher", "src\RabbitMQ.Next.Publisher\RabbitMQ.Next.Publisher.csproj", "{00F4D07C-AA12-498E-9BCA-89EB29688DD0}"
EndProject
Project("{FAE04EC0-301F-11D3-BF4B-00C04F79EFBC}") = "RabbitMQ.Next.Serialization.Abstractions", "src\RabbitMQ.Next.Serialization.Abstractions\RabbitMQ.Next.Serialization.Abstractions.csproj", "{56DE3768-E774-46FE-83BF-CCAAEFBC8138}"
EndProject
Project("{FAE04EC0-301F-11D3-BF4B-00C04F79EFBC}") = "RabbitMQ.Next.Publisher.Attributes", "src\RabbitMQ.Next.Publisher.Attributes\RabbitMQ.Next.Publisher.Attributes.csproj", "{B4B738E2-9E3D-4EB1-8C34-303431D68FEA}"
EndProject
Project("{FAE04EC0-301F-11D3-BF4B-00C04F79EFBC}") = "RabbitMQ.Next.Consumer.Abstractions", "src\RabbitMQ.Next.Consumer.Abstractions\RabbitMQ.Next.Consumer.Abstractions.csproj", "{9CD68F15-ED45-43FB-8EEA-33545FFC7014}"
EndProject
Global
	GlobalSection(SolutionConfigurationPlatforms) = preSolution
		Debug|Any CPU = Debug|Any CPU
		Release|Any CPU = Release|Any CPU
	EndGlobalSection
	GlobalSection(ProjectConfigurationPlatforms) = postSolution
		{AB00A6F3-C3E0-4E61-B302-F9CF0288819E}.Debug|Any CPU.ActiveCfg = Debug|Any CPU
		{AB00A6F3-C3E0-4E61-B302-F9CF0288819E}.Debug|Any CPU.Build.0 = Debug|Any CPU
		{AB00A6F3-C3E0-4E61-B302-F9CF0288819E}.Release|Any CPU.ActiveCfg = Release|Any CPU
		{AB00A6F3-C3E0-4E61-B302-F9CF0288819E}.Release|Any CPU.Build.0 = Release|Any CPU
		{117C63F3-9BEE-445A-9B19-AD069BC6B702}.Debug|Any CPU.ActiveCfg = Debug|Any CPU
		{117C63F3-9BEE-445A-9B19-AD069BC6B702}.Debug|Any CPU.Build.0 = Debug|Any CPU
		{117C63F3-9BEE-445A-9B19-AD069BC6B702}.Release|Any CPU.ActiveCfg = Release|Any CPU
		{117C63F3-9BEE-445A-9B19-AD069BC6B702}.Release|Any CPU.Build.0 = Release|Any CPU
		{3CA6ADD5-C2ED-4EB8-A226-785C30D4CAE5}.Debug|Any CPU.ActiveCfg = Debug|Any CPU
		{3CA6ADD5-C2ED-4EB8-A226-785C30D4CAE5}.Debug|Any CPU.Build.0 = Debug|Any CPU
		{3CA6ADD5-C2ED-4EB8-A226-785C30D4CAE5}.Release|Any CPU.ActiveCfg = Release|Any CPU
		{3CA6ADD5-C2ED-4EB8-A226-785C30D4CAE5}.Release|Any CPU.Build.0 = Release|Any CPU
		{A8D63B8A-39A7-4214-AE69-61EC852464DC}.Debug|Any CPU.ActiveCfg = Debug|Any CPU
		{A8D63B8A-39A7-4214-AE69-61EC852464DC}.Debug|Any CPU.Build.0 = Debug|Any CPU
		{A8D63B8A-39A7-4214-AE69-61EC852464DC}.Release|Any CPU.ActiveCfg = Release|Any CPU
		{A8D63B8A-39A7-4214-AE69-61EC852464DC}.Release|Any CPU.Build.0 = Release|Any CPU
		{16D8563D-A086-4C8C-8315-FC129A198C12}.Debug|Any CPU.ActiveCfg = Debug|Any CPU
		{16D8563D-A086-4C8C-8315-FC129A198C12}.Debug|Any CPU.Build.0 = Debug|Any CPU
		{16D8563D-A086-4C8C-8315-FC129A198C12}.Release|Any CPU.ActiveCfg = Release|Any CPU
		{16D8563D-A086-4C8C-8315-FC129A198C12}.Release|Any CPU.Build.0 = Release|Any CPU
		{C80C0328-165D-444C-A025-D4A910A4C4C0}.Debug|Any CPU.ActiveCfg = Debug|Any CPU
		{C80C0328-165D-444C-A025-D4A910A4C4C0}.Debug|Any CPU.Build.0 = Debug|Any CPU
		{C80C0328-165D-444C-A025-D4A910A4C4C0}.Release|Any CPU.ActiveCfg = Release|Any CPU
		{C80C0328-165D-444C-A025-D4A910A4C4C0}.Release|Any CPU.Build.0 = Release|Any CPU
		{298266D6-B977-4431-8CF2-2E16D37B1454}.Debug|Any CPU.ActiveCfg = Debug|Any CPU
		{298266D6-B977-4431-8CF2-2E16D37B1454}.Debug|Any CPU.Build.0 = Debug|Any CPU
		{298266D6-B977-4431-8CF2-2E16D37B1454}.Release|Any CPU.ActiveCfg = Release|Any CPU
		{298266D6-B977-4431-8CF2-2E16D37B1454}.Release|Any CPU.Build.0 = Release|Any CPU
		{00F4D07C-AA12-498E-9BCA-89EB29688DD0}.Debug|Any CPU.ActiveCfg = Debug|Any CPU
		{00F4D07C-AA12-498E-9BCA-89EB29688DD0}.Debug|Any CPU.Build.0 = Debug|Any CPU
		{00F4D07C-AA12-498E-9BCA-89EB29688DD0}.Release|Any CPU.ActiveCfg = Release|Any CPU
		{00F4D07C-AA12-498E-9BCA-89EB29688DD0}.Release|Any CPU.Build.0 = Release|Any CPU
		{56DE3768-E774-46FE-83BF-CCAAEFBC8138}.Debug|Any CPU.ActiveCfg = Debug|Any CPU
		{56DE3768-E774-46FE-83BF-CCAAEFBC8138}.Debug|Any CPU.Build.0 = Debug|Any CPU
		{56DE3768-E774-46FE-83BF-CCAAEFBC8138}.Release|Any CPU.ActiveCfg = Release|Any CPU
		{56DE3768-E774-46FE-83BF-CCAAEFBC8138}.Release|Any CPU.Build.0 = Release|Any CPU
		{B4B738E2-9E3D-4EB1-8C34-303431D68FEA}.Debug|Any CPU.ActiveCfg = Debug|Any CPU
		{B4B738E2-9E3D-4EB1-8C34-303431D68FEA}.Debug|Any CPU.Build.0 = Debug|Any CPU
		{B4B738E2-9E3D-4EB1-8C34-303431D68FEA}.Release|Any CPU.ActiveCfg = Release|Any CPU
		{B4B738E2-9E3D-4EB1-8C34-303431D68FEA}.Release|Any CPU.Build.0 = Release|Any CPU
		{9CD68F15-ED45-43FB-8EEA-33545FFC7014}.Debug|Any CPU.ActiveCfg = Debug|Any CPU
		{9CD68F15-ED45-43FB-8EEA-33545FFC7014}.Debug|Any CPU.Build.0 = Debug|Any CPU
		{9CD68F15-ED45-43FB-8EEA-33545FFC7014}.Release|Any CPU.ActiveCfg = Release|Any CPU
		{9CD68F15-ED45-43FB-8EEA-33545FFC7014}.Release|Any CPU.Build.0 = Release|Any CPU
	EndGlobalSection
	GlobalSection(NestedProjects) = preSolution
		{AB00A6F3-C3E0-4E61-B302-F9CF0288819E} = {C895EE24-13DF-45C3-AF1D-B6B6EE4A10A9}
		{117C63F3-9BEE-445A-9B19-AD069BC6B702} = {B0A5F08B-AC73-4D1C-BB59-983C7363E986}
		{3CA6ADD5-C2ED-4EB8-A226-785C30D4CAE5} = {C895EE24-13DF-45C3-AF1D-B6B6EE4A10A9}
		{A8D63B8A-39A7-4214-AE69-61EC852464DC} = {C895EE24-13DF-45C3-AF1D-B6B6EE4A10A9}
		{16D8563D-A086-4C8C-8315-FC129A198C12} = {C895EE24-13DF-45C3-AF1D-B6B6EE4A10A9}
		{C80C0328-165D-444C-A025-D4A910A4C4C0} = {C895EE24-13DF-45C3-AF1D-B6B6EE4A10A9}
		{298266D6-B977-4431-8CF2-2E16D37B1454} = {C895EE24-13DF-45C3-AF1D-B6B6EE4A10A9}
		{00F4D07C-AA12-498E-9BCA-89EB29688DD0} = {C895EE24-13DF-45C3-AF1D-B6B6EE4A10A9}
		{56DE3768-E774-46FE-83BF-CCAAEFBC8138} = {C895EE24-13DF-45C3-AF1D-B6B6EE4A10A9}
		{B4B738E2-9E3D-4EB1-8C34-303431D68FEA} = {C895EE24-13DF-45C3-AF1D-B6B6EE4A10A9}
		{9CD68F15-ED45-43FB-8EEA-33545FFC7014} = {C895EE24-13DF-45C3-AF1D-B6B6EE4A10A9}
	EndGlobalSection
EndGlobal
